
Microsoft Visual Studio Solution File, Format Version 12.00
# Visual Studio 15
VisualStudioVersion = 15.0.27703.2000
MinimumVisualStudioVersion = 10.0.40219.1
Project("{FAE04EC0-301F-11D3-BF4B-00C04F79EFBC}") = "BoynerML", "BoynerML\BoynerML.csproj", "{95963EA3-7572-4197-8239-D7156A7ABDBC}"
EndProject
Project("{FAE04EC0-301F-11D3-BF4B-00C04F79EFBC}") = "BoynerML.Test", "BoynerML.Test\BoynerML.Test.csproj", "{94B73C5F-EF00-4E2E-9D47-E83B0EDA9DC5}"
EndProject
Global
	GlobalSection(SolutionConfigurationPlatforms) = preSolution
		Debug|Any CPU = Debug|Any CPU
		Release|Any CPU = Release|Any CPU
	EndGlobalSection
	GlobalSection(ProjectConfigurationPlatforms) = postSolution
		{95963EA3-7572-4197-8239-D7156A7ABDBC}.Debug|Any CPU.ActiveCfg = Debug|Any CPU
		{95963EA3-7572-4197-8239-D7156A7ABDBC}.Debug|Any CPU.Build.0 = Debug|Any CPU
		{95963EA3-7572-4197-8239-D7156A7ABDBC}.Release|Any CPU.ActiveCfg = Release|Any CPU
		{95963EA3-7572-4197-8239-D7156A7ABDBC}.Release|Any CPU.Build.0 = Release|Any CPU
		{94B73C5F-EF00-4E2E-9D47-E83B0EDA9DC5}.Debug|Any CPU.ActiveCfg = Debug|Any CPU
		{94B73C5F-EF00-4E2E-9D47-E83B0EDA9DC5}.Debug|Any CPU.Build.0 = Debug|Any CPU
		{94B73C5F-EF00-4E2E-9D47-E83B0EDA9DC5}.Release|Any CPU.ActiveCfg = Release|Any CPU
		{94B73C5F-EF00-4E2E-9D47-E83B0EDA9DC5}.Release|Any CPU.Build.0 = Release|Any CPU
	EndGlobalSection
	GlobalSection(SolutionProperties) = preSolution
		HideSolutionNode = FALSE
	EndGlobalSection
	GlobalSection(ExtensibilityGlobals) = postSolution
		SolutionGuid = {172BA1AB-8CB2-437B-AA74-2A6ACC25141C}
	EndGlobalSection
	GlobalSection(TeamFoundationVersionControl) = preSolution
		SccNumberOfProjects = 3
		SccEnterpriseProvider = {4CA58AB2-18FA-4F8D-95D4-32DDF27D184C}
		SccTeamFoundationServer = https://e13development.visualstudio.com/
		SccLocalPath0 = .
		SccProjectUniqueName1 = BoynerML.Test\\BoynerML.Test.csproj
		SccProjectName1 = BoynerML.Test
		SccLocalPath1 = BoynerML.Test
		SccProjectUniqueName2 = BoynerML\\BoynerML.csproj
		SccProjectName2 = BoynerML
		SccLocalPath2 = BoynerML
	EndGlobalSection
EndGlobal
